// !$*UTF8*$!
{
	archiveVersion = 1;
	classes = {
	};
	objectVersion = 44;
	objects = {

/* Begin PBXBuildFile section */
		8D15AC320486D014006FF6A4 /* main.m in Sources */ = {isa = PBXBuildFile; fileRef = 2A37F4B0FDCFA73011CA2CEA /* main.m */; settings = {ATTRIBUTES = (); }; };
		8D15AC340486D014006FF6A4 /* Cocoa.framework in Frameworks */ = {isa = PBXBuildFile; fileRef = 1058C7A7FEA54F5311CA2CBB /* Cocoa.framework */; };
		EB6FD7C60D6D478800D97AA9 /* VRBigWordView.m in Sources */ = {isa = PBXBuildFile; fileRef = EB6FD7C40D6D478800D97AA9 /* VRBigWordView.m */; };
		EB7D98FD0D66CBE800C638FB /* MainMenu.nib in Resources */ = {isa = PBXBuildFile; fileRef = EB7D98FB0D66CBE800C638FB /* MainMenu.nib */; };
		EB7D98FE0D66CBE800C638FB /* BookViewer.nib in Resources */ = {isa = PBXBuildFile; fileRef = EB7D98FC0D66CBE800C638FB /* BookViewer.nib */; };
		EBD688550C72A3C2000EEF50 /* BookController.m in Sources */ = {isa = PBXBuildFile; fileRef = EBD688540C72A3C2000EEF50 /* BookController.m */; };
		EBD68F3A0C73D41E000EEF50 /* Hamlet.txt in Resources */ = {isa = PBXBuildFile; fileRef = EBD68F390C73D41E000EEF50 /* Hamlet.txt */; };
/* End PBXBuildFile section */

/* Begin PBXFileReference section */
		1058C7A7FEA54F5311CA2CBB /* Cocoa.framework */ = {isa = PBXFileReference; lastKnownFileType = wrapper.framework; name = Cocoa.framework; path = /System/Library/Frameworks/Cocoa.framework; sourceTree = "<absolute>"; };
		2A37F4B0FDCFA73011CA2CEA /* main.m */ = {isa = PBXFileReference; fileEncoding = 4; lastKnownFileType = sourcecode.c.objc; path = main.m; sourceTree = "<group>"; };
		32DBCF750370BD2300C91783 /* Hamlet_Prefix.pch */ = {isa = PBXFileReference; fileEncoding = 4; lastKnownFileType = sourcecode.c.h; path = Hamlet_Prefix.pch; sourceTree = "<group>"; };
		8D15AC360486D014006FF6A4 /* Info.plist */ = {isa = PBXFileReference; fileEncoding = 4; lastKnownFileType = text.plist; path = Info.plist; sourceTree = "<group>"; };
		8D15AC370486D014006FF6A4 /* Hamlet.app */ = {isa = PBXFileReference; explicitFileType = wrapper.application; includeInIndex = 0; path = Hamlet.app; sourceTree = BUILT_PRODUCTS_DIR; };
		EB6FD7C40D6D478800D97AA9 /* VRBigWordView.m */ = {isa = PBXFileReference; fileEncoding = 4; lastKnownFileType = sourcecode.c.objc; path = VRBigWordView.m; sourceTree = "<group>"; };
		EB6FD7C50D6D478800D97AA9 /* VRBigWordView.h */ = {isa = PBXFileReference; fileEncoding = 4; lastKnownFileType = sourcecode.c.h; path = VRBigWordView.h; sourceTree = "<group>"; };
		EB7D11E90C938D3D007729BA /* TODO.txt */ = {isa = PBXFileReference; fileEncoding = 4; lastKnownFileType = text; path = TODO.txt; sourceTree = "<group>"; };
		EB7D98FB0D66CBE800C638FB /* MainMenu.nib */ = {isa = PBXFileReference; lastKnownFileType = wrapper.nib; path = MainMenu.nib; sourceTree = "<group>"; };
		EB7D98FC0D66CBE800C638FB /* BookViewer.nib */ = {isa = PBXFileReference; lastKnownFileType = wrapper.nib; path = BookViewer.nib; sourceTree = "<group>"; };
		EBD688530C72A3C2000EEF50 /* BookController.h */ = {isa = PBXFileReference; fileEncoding = 4; lastKnownFileType = sourcecode.c.h; path = BookController.h; sourceTree = "<group>"; };
		EBD688540C72A3C2000EEF50 /* BookController.m */ = {isa = PBXFileReference; fileEncoding = 4; lastKnownFileType = sourcecode.c.objc; path = BookController.m; sourceTree = "<group>"; };
		EBD68F390C73D41E000EEF50 /* Hamlet.txt */ = {isa = PBXFileReference; fileEncoding = 4; lastKnownFileType = text; path = Hamlet.txt; sourceTree = "<group>"; };
/* End PBXFileReference section */

/* Begin PBXFrameworksBuildPhase section */
		8D15AC330486D014006FF6A4 /* Frameworks */ = {
			isa = PBXFrameworksBuildPhase;
			buildActionMask = 2147483647;
			files = (
				8D15AC340486D014006FF6A4 /* Cocoa.framework in Frameworks */,
			);
			runOnlyForDeploymentPostprocessing = 0;
		};
/* End PBXFrameworksBuildPhase section */

/* Begin PBXGroup section */
		19C28FB0FE9D524F11CA2CBB /* Products */ = {
			isa = PBXGroup;
			children = (
				8D15AC370486D014006FF6A4 /* Hamlet.app */,
			);
			name = Products;
			sourceTree = "<group>";
		};
		2A37F4AAFDCFA73011CA2CEA /* Hamlet */ = {
			isa = PBXGroup;
			children = (
				EB7D11E90C938D3D007729BA /* TODO.txt */,
				2A37F4ABFDCFA73011CA2CEA /* Classes */,
				2A37F4AFFDCFA73011CA2CEA /* Other Sources */,
				2A37F4B8FDCFA73011CA2CEA /* Resources */,
				2A37F4C3FDCFA73011CA2CEA /* Frameworks */,
				19C28FB0FE9D524F11CA2CBB /* Products */,
			);
			name = Hamlet;
			sourceTree = "<group>";
		};
		2A37F4ABFDCFA73011CA2CEA /* Classes */ = {
			isa = PBXGroup;
			children = (
				EBD688530C72A3C2000EEF50 /* BookController.h */,
				EBD688540C72A3C2000EEF50 /* BookController.m */,
				EB6FD7C40D6D478800D97AA9 /* VRBigWordView.m */,
				EB6FD7C50D6D478800D97AA9 /* VRBigWordView.h */,
			);
			name = Classes;
			sourceTree = "<group>";
		};
		2A37F4AFFDCFA73011CA2CEA /* Other Sources */ = {
			isa = PBXGroup;
			children = (
				32DBCF750370BD2300C91783 /* Hamlet_Prefix.pch */,
				2A37F4B0FDCFA73011CA2CEA /* main.m */,
			);
			name = "Other Sources";
			sourceTree = "<group>";
		};
		2A37F4B8FDCFA73011CA2CEA /* Resources */ = {
			isa = PBXGroup;
			children = (
				EBD68F390C73D41E000EEF50 /* Hamlet.txt */,
				EB7D98FB0D66CBE800C638FB /* MainMenu.nib */,
				EB7D98FC0D66CBE800C638FB /* BookViewer.nib */,
				8D15AC360486D014006FF6A4 /* Info.plist */,
			);
			name = Resources;
			sourceTree = "<group>";
		};
		2A37F4C3FDCFA73011CA2CEA /* Frameworks */ = {
			isa = PBXGroup;
			children = (
				1058C7A7FEA54F5311CA2CBB /* Cocoa.framework */,
			);
			name = Frameworks;
			sourceTree = "<group>";
		};
/* End PBXGroup section */

/* Begin PBXNativeTarget section */
		8D15AC270486D014006FF6A4 /* Hamlet */ = {
			isa = PBXNativeTarget;
			buildConfigurationList = C05733C708A9546B00998B17 /* Build configuration list for PBXNativeTarget "Hamlet" */;
			buildPhases = (
				8D15AC300486D014006FF6A4 /* Sources */,
				8D15AC330486D014006FF6A4 /* Frameworks */,
				8D15AC2B0486D014006FF6A4 /* Resources */,
			);
			buildRules = (
			);
			dependencies = (
			);
			name = Hamlet;
			productInstallPath = "$(HOME)/Applications";
			productName = Hamlet;
			productReference = 8D15AC370486D014006FF6A4 /* Hamlet.app */;
			productType = "com.apple.product-type.application";
		};
/* End PBXNativeTarget section */

/* Begin PBXProject section */
		2A37F4A9FDCFA73011CA2CEA /* Project object */ = {
			isa = PBXProject;
			buildConfigurationList = C05733CB08A9546B00998B17 /* Build configuration list for PBXProject "Hamlet" */;
			compatibilityVersion = "Xcode 3.0";
			hasScannedForEncodings = 1;
			mainGroup = 2A37F4AAFDCFA73011CA2CEA /* Hamlet */;
			projectDirPath = "";
			projectRoot = "";
			targets = (
				8D15AC270486D014006FF6A4 /* Hamlet */,
			);
		};
/* End PBXProject section */

/* Begin PBXResourcesBuildPhase section */
		8D15AC2B0486D014006FF6A4 /* Resources */ = {
			isa = PBXResourcesBuildPhase;
			buildActionMask = 2147483647;
			files = (
				EBD68F3A0C73D41E000EEF50 /* Hamlet.txt in Resources */,
				EB7D98FD0D66CBE800C638FB /* MainMenu.nib in Resources */,
				EB7D98FE0D66CBE800C638FB /* BookViewer.nib in Resources */,
			);
			runOnlyForDeploymentPostprocessing = 0;
		};
/* End PBXResourcesBuildPhase section */

/* Begin PBXSourcesBuildPhase section */
		8D15AC300486D014006FF6A4 /* Sources */ = {
			isa = PBXSourcesBuildPhase;
			buildActionMask = 2147483647;
			files = (
				8D15AC320486D014006FF6A4 /* main.m in Sources */,
				EBD688550C72A3C2000EEF50 /* BookController.m in Sources */,
				EB6FD7C60D6D478800D97AA9 /* VRBigWordView.m in Sources */,
			);
			runOnlyForDeploymentPostprocessing = 0;
		};
/* End PBXSourcesBuildPhase section */

/* Begin XCBuildConfiguration section */
		C05733C908A9546B00998B17 /* Default */ = {
			isa = XCBuildConfiguration;
			buildSettings = {
				ARCHS = (
					ppc,
					i386,
				);
				FRAMEWORK_SEARCH_PATHS = (
					"$(inherited)",
					"$(SRCROOT)/../VRBigWordView/build/Release",
					"$(FRAMEWORK_SEARCH_PATHS_QUOTED_1)",
					"\"$(SRCROOT)\"",
				);
				FRAMEWORK_SEARCH_PATHS_QUOTED_1 = "\"$(SRCROOT)/../VRBigWordView/build/UninstalledProducts\"";
				GCC_GENERATE_DEBUGGING_SYMBOLS = NO;
				GCC_MODEL_TUNING = G5;
				INFOPLIST_FILE = Info.plist;
				INSTALL_PATH = "$(HOME)/Applications";
				PRODUCT_NAME = Hamlet;
				WRAPPER_EXTENSION = app;
			};
			name = Default;
		};
		C05733CD08A9546B00998B17 /* Default */ = {
			isa = XCBuildConfiguration;
			buildSettings = {
				GCC_WARN_ABOUT_RETURN_TYPE = YES;
				GCC_WARN_UNUSED_VARIABLE = YES;
				PREBINDING = NO;
				SDKROOT = "$(DEVELOPER_SDK_DIR)/MacOSX10.5.sdk";
			};
			name = Default;
		};
/* End XCBuildConfiguration section */

/* Begin XCConfigurationList section */
		C05733C708A9546B00998B17 /* Build configuration list for PBXNativeTarget "Hamlet" */ = {
			isa = XCConfigurationList;
			buildConfigurations = (
				C05733C908A9546B00998B17 /* Default */,
			);
			defaultConfigurationIsVisible = 0;
			defaultConfigurationName = Default;
		};
		C05733CB08A9546B00998B17 /* Build configuration list for PBXProject "Hamlet" */ = {
			isa = XCConfigurationList;
			buildConfigurations = (
				C05733CD08A9546B00998B17 /* Default */,
			);
			defaultConfigurationIsVisible = 0;
			defaultConfigurationName = Default;
		};
/* End XCConfigurationList section */
	};
	rootObject = 2A37F4A9FDCFA73011CA2CEA /* Project object */;
}
